{
  "nodes": {
    "home-manager": {
      "inputs": {
        "nixpkgs": [
          "nixpkgs"
        ]
      },
      "locked": {
        "lastModified": 1695550077,
        "narHash": "sha256-xoxR/iY69/3lTnnZDP6gf3J46DUKPcf+Y1jH03tfZXE=",
        "owner": "nix-community",
        "repo": "home-manager",
        "rev": "a88df2fb101778bfd98a17556b3a2618c6c66091",
        "type": "github"
      },
      "original": {
        "owner": "nix-community",
        "repo": "home-manager",
        "type": "github"
      }
    },
    "nixpkgs": {
      "locked": {
        "lastModified": 1695360818,
        "narHash": "sha256-JlkN3R/SSoMTa+CasbxS1gq+GpGxXQlNZRUh9+LIy/0=",
        "owner": "NixOS",
        "repo": "nixpkgs",
        "rev": "e35dcc04a3853da485a396bdd332217d0ac9054f",
        "type": "github"
      },
      "original": {
        "owner": "NixOS",
        "ref": "nixos-unstable",
        "repo": "nixpkgs",
        "type": "github"
      }
    },
    "nur": {
      "locked": {
        "lastModified": 1695629172,
        "narHash": "sha256-uyX3hb9n8O4DdtRLi3VsNLhhgsgV0NwDC0AJ3FT61rI=",
        "owner": "nix-community",
        "repo": "NUR",
        "rev": "d68e23fbf48d0ac738fccb263ba30c7c3441cbe8",
        "type": "github"
      },
      "original": {
        "owner": "nix-community",
        "repo": "NUR",
        "type": "github"
      }
    },
    "root": {
      "inputs": {
        "home-manager": "home-manager",
        "nixpkgs": "nixpkgs",
        "nur": "nur"
      }
    }
  },
  "root": "root",
  "version": 7
}
