{
  "nodes": {
    "home-manager": {
      "inputs": {
        "nixpkgs": [
          "nixpkgs"
        ]
      },
      "locked": {
        "lastModified": 1697622055,
        "narHash": "sha256-t9rwzjlfgCnXDFGH3wsooYfAOA+XqQmgTojhzuNafZ4=",
        "owner": "nix-community",
        "repo": "home-manager",
        "rev": "84fa81c7acb018c3c5a504dcefbc28a182c933c2",
        "type": "github"
      },
      "original": {
        "owner": "nix-community",
        "repo": "home-manager",
        "type": "github"
      }
    },
    "nixpkgs": {
      "locked": {
        "lastModified": 1697456312,
        "narHash": "sha256-roiSnrqb5r+ehnKCauPLugoU8S36KgmWraHgRqVYndo=",
        "owner": "NixOS",
        "repo": "nixpkgs",
        "rev": "ca012a02bf8327be9e488546faecae5e05d7d749",
        "type": "github"
      },
      "original": {
        "owner": "NixOS",
        "ref": "nixos-unstable",
        "repo": "nixpkgs",
        "type": "github"
      }
    },
    "nur": {
      "locked": {
        "lastModified": 1697653698,
        "narHash": "sha256-VvQM8xnxGklhQyHy9I0QNwqbyCvCJCEgtpYaUd3PBF4=",
        "owner": "nix-community",
        "repo": "NUR",
        "rev": "3771f0189688f9d6b97644efd0059c23ee080b2b",
        "type": "github"
      },
      "original": {
        "owner": "nix-community",
        "repo": "NUR",
        "type": "github"
      }
    },
    "root": {
      "inputs": {
        "home-manager": "home-manager",
        "nixpkgs": "nixpkgs",
        "nur": "nur"
      }
    }
  },
  "root": "root",
  "version": 7
}
